
Microsoft Visual Studio Solution File, Format Version 12.00
# Visual Studio Version 16
VisualStudioVersion = 16.0.30114.105
MinimumVisualStudioVersion = 10.0.40219.1
Project("{FAE04EC0-301F-11D3-BF4B-00C04F79EFBC}") = "TinyShop", "TinyShop\TinyShop.csproj", "{02108217-2FC9-40EF-9D9D-F4A5BDC02B7B}"
EndProject
Project("{FAE04EC0-301F-11D3-BF4B-00C04F79EFBC}") = "Data", "Data\Data.csproj", "{F91FF218-FFA8-4193-81D5-AD216506B1DB}"
EndProject
Global
	GlobalSection(SolutionConfigurationPlatforms) = preSolution
		Debug|Any CPU = Debug|Any CPU
		Release|Any CPU = Release|Any CPU
	EndGlobalSection
	GlobalSection(ProjectConfigurationPlatforms) = postSolution
		{02108217-2FC9-40EF-9D9D-F4A5BDC02B7B}.Debug|Any CPU.ActiveCfg = Debug|Any CPU
		{02108217-2FC9-40EF-9D9D-F4A5BDC02B7B}.Debug|Any CPU.Build.0 = Debug|Any CPU
		{02108217-2FC9-40EF-9D9D-F4A5BDC02B7B}.Release|Any CPU.ActiveCfg = Release|Any CPU
		{02108217-2FC9-40EF-9D9D-F4A5BDC02B7B}.Release|Any CPU.Build.0 = Release|Any CPU
		{F91FF218-FFA8-4193-81D5-AD216506B1DB}.Debug|Any CPU.ActiveCfg = Debug|Any CPU
		{F91FF218-FFA8-4193-81D5-AD216506B1DB}.Debug|Any CPU.Build.0 = Debug|Any CPU
		{F91FF218-FFA8-4193-81D5-AD216506B1DB}.Release|Any CPU.ActiveCfg = Release|Any CPU
		{F91FF218-FFA8-4193-81D5-AD216506B1DB}.Release|Any CPU.Build.0 = Release|Any CPU
	EndGlobalSection
	GlobalSection(SolutionProperties) = preSolution
		HideSolutionNode = FALSE
	EndGlobalSection
	GlobalSection(ExtensibilityGlobals) = postSolution
		SolutionGuid = {3B9C622B-F756-4461-989A-61E7CE715E3C}
	EndGlobalSection
EndGlobal
